// !$*UTF8*$!
{
	archiveVersion = 1;
	classes = {
	};
	objectVersion = 50;
	objects = {

/* Begin PBXBuildFile section */
		31AADF5420AF4C4B003B81DC /* AppDelegate.swift in Sources */ = {isa = PBXBuildFile; fileRef = 31AADF5320AF4C4B003B81DC /* AppDelegate.swift */; };
		31AADF5920AF4C4B003B81DC /* Main.storyboard in Resources */ = {isa = PBXBuildFile; fileRef = 31AADF5720AF4C4B003B81DC /* Main.storyboard */; };
		31AADF5B20AF4C4C003B81DC /* Assets.xcassets in Resources */ = {isa = PBXBuildFile; fileRef = 31AADF5A20AF4C4C003B81DC /* Assets.xcassets */; };
		31AADF5E20AF4C4D003B81DC /* LaunchScreen.storyboard in Resources */ = {isa = PBXBuildFile; fileRef = 31AADF5C20AF4C4D003B81DC /* LaunchScreen.storyboard */; };
		31AADF6920AF4EA2003B81DC /* Collection.storyboard in Resources */ = {isa = PBXBuildFile; fileRef = 31AADF6820AF4EA2003B81DC /* Collection.storyboard */; };
		750EF795003A5732503161A4 /* Pods_StudyPathTraker.framework in Frameworks */ = {isa = PBXBuildFile; fileRef = D620CBA18B43E72CAE68889C /* Pods_StudyPathTraker.framework */; };
		8B27476220D2CAE000001670 /* SPNewItemViewController.swift in Sources */ = {isa = PBXBuildFile; fileRef = 8B27476120D2CAE000001670 /* SPNewItemViewController.swift */; };
		8B27476420D2CFD900001670 /* SPItemPresenter.swift in Sources */ = {isa = PBXBuildFile; fileRef = 8B27476320D2CFD900001670 /* SPItemPresenter.swift */; };
		8B27476720D2D25B00001670 /* SPBasePresenterProtocol.swift in Sources */ = {isa = PBXBuildFile; fileRef = 8B27476620D2D25B00001670 /* SPBasePresenterProtocol.swift */; };
		8B27476A20D2EDEC00001670 /* SPNewCheckListViewController.swift in Sources */ = {isa = PBXBuildFile; fileRef = 8B27476920D2EDEC00001670 /* SPNewCheckListViewController.swift */; };
		8B27476C20D31CC600001670 /* SPCheckListPresenter.swift in Sources */ = {isa = PBXBuildFile; fileRef = 8B27476B20D31CC600001670 /* SPCheckListPresenter.swift */; };
		8B3C183C20C04FDD006A7D8A /* UIViewController+Extensions.swift in Sources */ = {isa = PBXBuildFile; fileRef = 8B3C183B20C04FDD006A7D8A /* UIViewController+Extensions.swift */; };
		8B45BA6820C9DE0600FB62FC /* Persistence.swift in Sources */ = {isa = PBXBuildFile; fileRef = 8B45BA6720C9DE0600FB62FC /* Persistence.swift */; };
		8B45BA6A20C9DE2800FB62FC /* PersistenceServiceProtocols.swift in Sources */ = {isa = PBXBuildFile; fileRef = 8B45BA6920C9DE2800FB62FC /* PersistenceServiceProtocols.swift */; };
		8B45BA6C20C9DE4500FB62FC /* PersistenceManager.swift in Sources */ = {isa = PBXBuildFile; fileRef = 8B45BA6B20C9DE4500FB62FC /* PersistenceManager.swift */; };
		8B55388120D9567300915589 /* SPNewItemPresenter.swift in Sources */ = {isa = PBXBuildFile; fileRef = 8B55388020D9567300915589 /* SPNewItemPresenter.swift */; };
		8B55388320D9580F00915589 /* SPNewCategoryPresenter.swift in Sources */ = {isa = PBXBuildFile; fileRef = 8B55388220D9580F00915589 /* SPNewCategoryPresenter.swift */; };
		8B55388520D9581A00915589 /* SPNewCheckListPresenter.swift in Sources */ = {isa = PBXBuildFile; fileRef = 8B55388420D9581A00915589 /* SPNewCheckListPresenter.swift */; };
		8B562CBC20CAF6F900CFB66F /* Realm.framework in Frameworks */ = {isa = PBXBuildFile; fileRef = 8B562CBB20CAF6F900CFB66F /* Realm.framework */; };
		8B5E0B0020CAF72A00DF42E0 /* RealmSwift.framework in Frameworks */ = {isa = PBXBuildFile; fileRef = 8B5E0AFF20CAF72A00DF42E0 /* RealmSwift.framework */; };
		8B675B3A20D01D47007D160D /* SPNewCategoryViewController.swift in Sources */ = {isa = PBXBuildFile; fileRef = 8B675B3920D01D47007D160D /* SPNewCategoryViewController.swift */; };
		8B675B3E20D02215007D160D /* SPRoundedButton.swift in Sources */ = {isa = PBXBuildFile; fileRef = 8B675B3D20D02215007D160D /* SPRoundedButton.swift */; };
		8B70607920D96F2100BB0FC9 /* Milestone+Extensions.swift in Sources */ = {isa = PBXBuildFile; fileRef = 8B70607820D96F2100BB0FC9 /* Milestone+Extensions.swift */; };
		8B70607B20D9708900BB0FC9 /* Category+Extensions.swift in Sources */ = {isa = PBXBuildFile; fileRef = 8B70607A20D9708900BB0FC9 /* Category+Extensions.swift */; };
		8B70607D20D971BC00BB0FC9 /* Item+Extensions.swift in Sources */ = {isa = PBXBuildFile; fileRef = 8B70607C20D971BC00BB0FC9 /* Item+Extensions.swift */; };
		8B70607F20D97BDF00BB0FC9 /* SPNewCategoryPresenterTests.swift in Sources */ = {isa = PBXBuildFile; fileRef = 8B70607E20D97BDF00BB0FC9 /* SPNewCategoryPresenterTests.swift */; };
		8B94605820BEF64500B9E976 /* SPCategoriesViewController.swift in Sources */ = {isa = PBXBuildFile; fileRef = 8B94605720BEF64500B9E976 /* SPCategoriesViewController.swift */; };
		8B94605A20BEF7AE00B9E976 /* SPCategoriesCollectionViewDataSource.swift in Sources */ = {isa = PBXBuildFile; fileRef = 8B94605920BEF7AE00B9E976 /* SPCategoriesCollectionViewDataSource.swift */; };
		8B94605E20BEF9DD00B9E976 /* SPCategoryCollectionViewCell.swift in Sources */ = {isa = PBXBuildFile; fileRef = 8B94605D20BEF9DD00B9E976 /* SPCategoryCollectionViewCell.swift */; };
		8B94606020BEFB3F00B9E976 /* SPCategoriesCollectionViewFlowDelegate.swift in Sources */ = {isa = PBXBuildFile; fileRef = 8B94605F20BEFB3F00B9E976 /* SPCategoriesCollectionViewFlowDelegate.swift */; };
		8B94606220BF00E500B9E976 /* CategoryItem.swift in Sources */ = {isa = PBXBuildFile; fileRef = 8B94606120BF00E500B9E976 /* CategoryItem.swift */; };
		8B94606520BF04D500B9E976 /* SPLightNavigationController.swift in Sources */ = {isa = PBXBuildFile; fileRef = 8B94606420BF04D500B9E976 /* SPLightNavigationController.swift */; };
		8B94606820BF054000B9E976 /* SPBaseColors.swift in Sources */ = {isa = PBXBuildFile; fileRef = 8B94606720BF054000B9E976 /* SPBaseColors.swift */; };
		8BA06C9420C09A5800A1B56C /* SPCommonTableViewDataSource.swift in Sources */ = {isa = PBXBuildFile; fileRef = 8BA06C9320C09A5800A1B56C /* SPCommonTableViewDataSource.swift */; };
		8BA06C9620C09B0500A1B56C /* Item.swift in Sources */ = {isa = PBXBuildFile; fileRef = 8BA06C9520C09B0500A1B56C /* Item.swift */; };
		8BA06C9920C09F3500A1B56C /* SPCommonCellConfiguration.swift in Sources */ = {isa = PBXBuildFile; fileRef = 8BA06C9820C09F3500A1B56C /* SPCommonCellConfiguration.swift */; };
		8BA06C9E20C5B7DB00A1B56C /* SPDetailViewController.swift in Sources */ = {isa = PBXBuildFile; fileRef = 8BA06C9D20C5B7DB00A1B56C /* SPDetailViewController.swift */; };
		8BA06CA120C5BB6000A1B56C /* WebKit.framework in Frameworks */ = {isa = PBXBuildFile; fileRef = 8BA06CA020C5BB6000A1B56C /* WebKit.framework */; };
		8BA06CA320C5C09A00A1B56C /* SPDetailWebViewDelegate.swift in Sources */ = {isa = PBXBuildFile; fileRef = 8BA06CA220C5C09A00A1B56C /* SPDetailWebViewDelegate.swift */; };
		8BA06CA520C5D88800A1B56C /* SPCheckListViewController.swift in Sources */ = {isa = PBXBuildFile; fileRef = 8BA06CA420C5D88800A1B56C /* SPCheckListViewController.swift */; };
		8BA06CA720C5D8D200A1B56C /* Milestone.swift in Sources */ = {isa = PBXBuildFile; fileRef = 8BA06CA620C5D8D200A1B56C /* Milestone.swift */; };
		8BA06CA920C5D9A500A1B56C /* SPCheckListTableViewCell.swift in Sources */ = {isa = PBXBuildFile; fileRef = 8BA06CA820C5D9A500A1B56C /* SPCheckListTableViewCell.swift */; };
		8BA06CAF20C5DD0F00A1B56C /* SPCommonTableViewDelegate.swift in Sources */ = {isa = PBXBuildFile; fileRef = 8BA06CAE20C5DD0F00A1B56C /* SPCommonTableViewDelegate.swift */; };
		8BA06CBF20C6FC7E00A1B56C /* SPSegues.swift in Sources */ = {isa = PBXBuildFile; fileRef = 8BA06CBE20C6FC7E00A1B56C /* SPSegues.swift */; };
		8BAD138220D16D170012B900 /* SPCategoriesViewControllerTests.swift in Sources */ = {isa = PBXBuildFile; fileRef = 8BAD138120D16D170012B900 /* SPCategoriesViewControllerTests.swift */; };
		8BAD138420D16D9F0012B900 /* StoryboardNames.swift in Sources */ = {isa = PBXBuildFile; fileRef = 8BAD138320D16D9F0012B900 /* StoryboardNames.swift */; };
		8BAD138820D173DE0012B900 /* StoryboardInstantiation.swift in Sources */ = {isa = PBXBuildFile; fileRef = 8BAD138720D173DE0012B900 /* StoryboardInstantiation.swift */; };
		8BAD138B20D17BB70012B900 /* SPCategoryPresenterTests.swift in Sources */ = {isa = PBXBuildFile; fileRef = 8BAD138A20D17BB70012B900 /* SPCategoryPresenterTests.swift */; };
		8BD5DCFE20C097DA0078942E /* SPItemsViewController.swift in Sources */ = {isa = PBXBuildFile; fileRef = 8BD5DCFD20C097DA0078942E /* SPItemsViewController.swift */; };
		8BD5DD0020C098660078942E /* SPItemTableViewCell.swift in Sources */ = {isa = PBXBuildFile; fileRef = 8BD5DCFF20C098660078942E /* SPItemTableViewCell.swift */; };
		8BD5DD0420C099280078942E /* SPRoundedView.swift in Sources */ = {isa = PBXBuildFile; fileRef = 8BD5DD0320C099280078942E /* SPRoundedView.swift */; };
		8BE7354420D02A1A00C0CF43 /* SPAlertCenterStrings.swift in Sources */ = {isa = PBXBuildFile; fileRef = 8BE7354320D02A1A00C0CF43 /* SPAlertCenterStrings.swift */; };
		8BE7354820D02B1200C0CF43 /* SPCategoryPresenter.swift in Sources */ = {isa = PBXBuildFile; fileRef = 8BE7354720D02B1200C0CF43 /* SPCategoryPresenter.swift */; };
/* End PBXBuildFile section */

/* Begin PBXContainerItemProxy section */
		8BAD137A20D16CE60012B900 /* PBXContainerItemProxy */ = {
			isa = PBXContainerItemProxy;
			containerPortal = 31AADF4820AF4C4B003B81DC /* Project object */;
			proxyType = 1;
			remoteGlobalIDString = 31AADF4F20AF4C4B003B81DC;
			remoteInfo = StudyPathTraker;
		};
/* End PBXContainerItemProxy section */

/* Begin PBXFileReference section */
		0A4BF05BBC096812E861CF16 /* Pods-StudyPathTraker.debug.xcconfig */ = {isa = PBXFileReference; includeInIndex = 1; lastKnownFileType = text.xcconfig; name = "Pods-StudyPathTraker.debug.xcconfig"; path = "Pods/Target Support Files/Pods-StudyPathTraker/Pods-StudyPathTraker.debug.xcconfig"; sourceTree = "<group>"; };
		31AADF5020AF4C4B003B81DC /* StudyPathTraker.app */ = {isa = PBXFileReference; explicitFileType = wrapper.application; includeInIndex = 0; path = StudyPathTraker.app; sourceTree = BUILT_PRODUCTS_DIR; };
		31AADF5320AF4C4B003B81DC /* AppDelegate.swift */ = {isa = PBXFileReference; lastKnownFileType = sourcecode.swift; path = AppDelegate.swift; sourceTree = "<group>"; };
		31AADF5820AF4C4B003B81DC /* Base */ = {isa = PBXFileReference; lastKnownFileType = file.storyboard; name = Base; path = Base.lproj/Main.storyboard; sourceTree = "<group>"; };
		31AADF5A20AF4C4C003B81DC /* Assets.xcassets */ = {isa = PBXFileReference; lastKnownFileType = folder.assetcatalog; path = Assets.xcassets; sourceTree = "<group>"; };
		31AADF5D20AF4C4D003B81DC /* Base */ = {isa = PBXFileReference; lastKnownFileType = file.storyboard; name = Base; path = Base.lproj/LaunchScreen.storyboard; sourceTree = "<group>"; };
		31AADF5F20AF4C4D003B81DC /* Info.plist */ = {isa = PBXFileReference; lastKnownFileType = text.plist.xml; path = Info.plist; sourceTree = "<group>"; };
		31AADF6820AF4EA2003B81DC /* Collection.storyboard */ = {isa = PBXFileReference; lastKnownFileType = file.storyboard; path = Collection.storyboard; sourceTree = "<group>"; };
		436D45105151C42C2198AC52 /* Pods-StudyPathTraker.release.xcconfig */ = {isa = PBXFileReference; includeInIndex = 1; lastKnownFileType = text.xcconfig; name = "Pods-StudyPathTraker.release.xcconfig"; path = "Pods/Target Support Files/Pods-StudyPathTraker/Pods-StudyPathTraker.release.xcconfig"; sourceTree = "<group>"; };
		8B27476120D2CAE000001670 /* SPNewItemViewController.swift */ = {isa = PBXFileReference; lastKnownFileType = sourcecode.swift; path = SPNewItemViewController.swift; sourceTree = "<group>"; };
		8B27476320D2CFD900001670 /* SPItemPresenter.swift */ = {isa = PBXFileReference; lastKnownFileType = sourcecode.swift; path = SPItemPresenter.swift; sourceTree = "<group>"; };
		8B27476620D2D25B00001670 /* SPBasePresenterProtocol.swift */ = {isa = PBXFileReference; lastKnownFileType = sourcecode.swift; path = SPBasePresenterProtocol.swift; sourceTree = "<group>"; };
		8B27476920D2EDEC00001670 /* SPNewCheckListViewController.swift */ = {isa = PBXFileReference; lastKnownFileType = sourcecode.swift; path = SPNewCheckListViewController.swift; sourceTree = "<group>"; };
		8B27476B20D31CC600001670 /* SPCheckListPresenter.swift */ = {isa = PBXFileReference; lastKnownFileType = sourcecode.swift; path = SPCheckListPresenter.swift; sourceTree = "<group>"; };
		8B3C183B20C04FDD006A7D8A /* UIViewController+Extensions.swift */ = {isa = PBXFileReference; lastKnownFileType = sourcecode.swift; path = "UIViewController+Extensions.swift"; sourceTree = "<group>"; };
		8B45BA6720C9DE0600FB62FC /* Persistence.swift */ = {isa = PBXFileReference; lastKnownFileType = sourcecode.swift; path = Persistence.swift; sourceTree = "<group>"; };
		8B45BA6920C9DE2800FB62FC /* PersistenceServiceProtocols.swift */ = {isa = PBXFileReference; lastKnownFileType = sourcecode.swift; path = PersistenceServiceProtocols.swift; sourceTree = "<group>"; };
		8B45BA6B20C9DE4500FB62FC /* PersistenceManager.swift */ = {isa = PBXFileReference; lastKnownFileType = sourcecode.swift; path = PersistenceManager.swift; sourceTree = "<group>"; };
		8B55388020D9567300915589 /* SPNewItemPresenter.swift */ = {isa = PBXFileReference; lastKnownFileType = sourcecode.swift; path = SPNewItemPresenter.swift; sourceTree = "<group>"; };
		8B55388220D9580F00915589 /* SPNewCategoryPresenter.swift */ = {isa = PBXFileReference; lastKnownFileType = sourcecode.swift; path = SPNewCategoryPresenter.swift; sourceTree = "<group>"; };
		8B55388420D9581A00915589 /* SPNewCheckListPresenter.swift */ = {isa = PBXFileReference; lastKnownFileType = sourcecode.swift; path = SPNewCheckListPresenter.swift; sourceTree = "<group>"; };
		8B562CB920CAF6F100CFB66F /* Realm.framework */ = {isa = PBXFileReference; explicitFileType = wrapper.framework; path = Realm.framework; sourceTree = BUILT_PRODUCTS_DIR; };
		8B562CBB20CAF6F900CFB66F /* Realm.framework */ = {isa = PBXFileReference; explicitFileType = wrapper.framework; path = Realm.framework; sourceTree = BUILT_PRODUCTS_DIR; };
		8B5E0AFF20CAF72A00DF42E0 /* RealmSwift.framework */ = {isa = PBXFileReference; explicitFileType = wrapper.framework; path = RealmSwift.framework; sourceTree = BUILT_PRODUCTS_DIR; };
		8B675B3920D01D47007D160D /* SPNewCategoryViewController.swift */ = {isa = PBXFileReference; lastKnownFileType = sourcecode.swift; path = SPNewCategoryViewController.swift; sourceTree = "<group>"; };
		8B675B3D20D02215007D160D /* SPRoundedButton.swift */ = {isa = PBXFileReference; lastKnownFileType = sourcecode.swift; path = SPRoundedButton.swift; sourceTree = "<group>"; };
		8B70607820D96F2100BB0FC9 /* Milestone+Extensions.swift */ = {isa = PBXFileReference; lastKnownFileType = sourcecode.swift; path = "Milestone+Extensions.swift"; sourceTree = "<group>"; };
		8B70607A20D9708900BB0FC9 /* Category+Extensions.swift */ = {isa = PBXFileReference; lastKnownFileType = sourcecode.swift; path = "Category+Extensions.swift"; sourceTree = "<group>"; };
		8B70607C20D971BC00BB0FC9 /* Item+Extensions.swift */ = {isa = PBXFileReference; lastKnownFileType = sourcecode.swift; path = "Item+Extensions.swift"; sourceTree = "<group>"; };
		8B70607E20D97BDF00BB0FC9 /* SPNewCategoryPresenterTests.swift */ = {isa = PBXFileReference; lastKnownFileType = sourcecode.swift; path = SPNewCategoryPresenterTests.swift; sourceTree = "<group>"; };
		8B94605720BEF64500B9E976 /* SPCategoriesViewController.swift */ = {isa = PBXFileReference; lastKnownFileType = sourcecode.swift; path = SPCategoriesViewController.swift; sourceTree = "<group>"; };
		8B94605920BEF7AE00B9E976 /* SPCategoriesCollectionViewDataSource.swift */ = {isa = PBXFileReference; lastKnownFileType = sourcecode.swift; path = SPCategoriesCollectionViewDataSource.swift; sourceTree = "<group>"; };
		8B94605D20BEF9DD00B9E976 /* SPCategoryCollectionViewCell.swift */ = {isa = PBXFileReference; lastKnownFileType = sourcecode.swift; path = SPCategoryCollectionViewCell.swift; sourceTree = "<group>"; };
		8B94605F20BEFB3F00B9E976 /* SPCategoriesCollectionViewFlowDelegate.swift */ = {isa = PBXFileReference; lastKnownFileType = sourcecode.swift; path = SPCategoriesCollectionViewFlowDelegate.swift; sourceTree = "<group>"; };
		8B94606120BF00E500B9E976 /* CategoryItem.swift */ = {isa = PBXFileReference; lastKnownFileType = sourcecode.swift; path = CategoryItem.swift; sourceTree = "<group>"; };
		8B94606420BF04D500B9E976 /* SPLightNavigationController.swift */ = {isa = PBXFileReference; lastKnownFileType = sourcecode.swift; path = SPLightNavigationController.swift; sourceTree = "<group>"; };
		8B94606720BF054000B9E976 /* SPBaseColors.swift */ = {isa = PBXFileReference; lastKnownFileType = sourcecode.swift; path = SPBaseColors.swift; sourceTree = "<group>"; };
		8BA06C9320C09A5800A1B56C /* SPCommonTableViewDataSource.swift */ = {isa = PBXFileReference; lastKnownFileType = sourcecode.swift; path = SPCommonTableViewDataSource.swift; sourceTree = "<group>"; };
		8BA06C9520C09B0500A1B56C /* Item.swift */ = {isa = PBXFileReference; lastKnownFileType = sourcecode.swift; path = Item.swift; sourceTree = "<group>"; };
		8BA06C9820C09F3500A1B56C /* SPCommonCellConfiguration.swift */ = {isa = PBXFileReference; lastKnownFileType = sourcecode.swift; path = SPCommonCellConfiguration.swift; sourceTree = "<group>"; };
		8BA06C9D20C5B7DB00A1B56C /* SPDetailViewController.swift */ = {isa = PBXFileReference; lastKnownFileType = sourcecode.swift; path = SPDetailViewController.swift; sourceTree = "<group>"; };
		8BA06CA020C5BB6000A1B56C /* WebKit.framework */ = {isa = PBXFileReference; lastKnownFileType = wrapper.framework; name = WebKit.framework; path = System/Library/Frameworks/WebKit.framework; sourceTree = SDKROOT; };
		8BA06CA220C5C09A00A1B56C /* SPDetailWebViewDelegate.swift */ = {isa = PBXFileReference; lastKnownFileType = sourcecode.swift; path = SPDetailWebViewDelegate.swift; sourceTree = "<group>"; };
		8BA06CA420C5D88800A1B56C /* SPCheckListViewController.swift */ = {isa = PBXFileReference; lastKnownFileType = sourcecode.swift; path = SPCheckListViewController.swift; sourceTree = "<group>"; };
		8BA06CA620C5D8D200A1B56C /* Milestone.swift */ = {isa = PBXFileReference; lastKnownFileType = sourcecode.swift; path = Milestone.swift; sourceTree = "<group>"; };
		8BA06CA820C5D9A500A1B56C /* SPCheckListTableViewCell.swift */ = {isa = PBXFileReference; lastKnownFileType = sourcecode.swift; path = SPCheckListTableViewCell.swift; sourceTree = "<group>"; };
		8BA06CAE20C5DD0F00A1B56C /* SPCommonTableViewDelegate.swift */ = {isa = PBXFileReference; lastKnownFileType = sourcecode.swift; path = SPCommonTableViewDelegate.swift; sourceTree = "<group>"; };
		8BA06CBE20C6FC7E00A1B56C /* SPSegues.swift */ = {isa = PBXFileReference; lastKnownFileType = sourcecode.swift; path = SPSegues.swift; sourceTree = "<group>"; };
		8BAD137520D16CE60012B900 /* StudyPathTrakerTests.xctest */ = {isa = PBXFileReference; explicitFileType = wrapper.cfbundle; includeInIndex = 0; path = StudyPathTrakerTests.xctest; sourceTree = BUILT_PRODUCTS_DIR; };
		8BAD137920D16CE60012B900 /* Info.plist */ = {isa = PBXFileReference; lastKnownFileType = text.plist.xml; path = Info.plist; sourceTree = "<group>"; };
		8BAD138020D16D170012B900 /* StudyPathTrakerTests-Bridging-Header.h */ = {isa = PBXFileReference; lastKnownFileType = sourcecode.c.h; path = "StudyPathTrakerTests-Bridging-Header.h"; sourceTree = "<group>"; };
		8BAD138120D16D170012B900 /* SPCategoriesViewControllerTests.swift */ = {isa = PBXFileReference; lastKnownFileType = sourcecode.swift; path = SPCategoriesViewControllerTests.swift; sourceTree = "<group>"; };
		8BAD138320D16D9F0012B900 /* StoryboardNames.swift */ = {isa = PBXFileReference; lastKnownFileType = sourcecode.swift; path = StoryboardNames.swift; sourceTree = "<group>"; };
		8BAD138720D173DE0012B900 /* StoryboardInstantiation.swift */ = {isa = PBXFileReference; lastKnownFileType = sourcecode.swift; path = StoryboardInstantiation.swift; sourceTree = "<group>"; };
		8BAD138A20D17BB70012B900 /* SPCategoryPresenterTests.swift */ = {isa = PBXFileReference; lastKnownFileType = sourcecode.swift; path = SPCategoryPresenterTests.swift; sourceTree = "<group>"; };
		8BD5DCFD20C097DA0078942E /* SPItemsViewController.swift */ = {isa = PBXFileReference; lastKnownFileType = sourcecode.swift; path = SPItemsViewController.swift; sourceTree = "<group>"; };
		8BD5DCFF20C098660078942E /* SPItemTableViewCell.swift */ = {isa = PBXFileReference; lastKnownFileType = sourcecode.swift; path = SPItemTableViewCell.swift; sourceTree = "<group>"; };
		8BD5DD0320C099280078942E /* SPRoundedView.swift */ = {isa = PBXFileReference; lastKnownFileType = sourcecode.swift; path = SPRoundedView.swift; sourceTree = "<group>"; };
		8BDD9B1120C7439E00C6C7EF /* RealmSwift.framework */ = {isa = PBXFileReference; explicitFileType = wrapper.framework; path = RealmSwift.framework; sourceTree = BUILT_PRODUCTS_DIR; };
		8BE7354320D02A1A00C0CF43 /* SPAlertCenterStrings.swift */ = {isa = PBXFileReference; lastKnownFileType = sourcecode.swift; path = SPAlertCenterStrings.swift; sourceTree = "<group>"; };
		8BE7354720D02B1200C0CF43 /* SPCategoryPresenter.swift */ = {isa = PBXFileReference; lastKnownFileType = sourcecode.swift; path = SPCategoryPresenter.swift; sourceTree = "<group>"; };
		D620CBA18B43E72CAE68889C /* Pods_StudyPathTraker.framework */ = {isa = PBXFileReference; explicitFileType = wrapper.framework; includeInIndex = 0; path = Pods_StudyPathTraker.framework; sourceTree = BUILT_PRODUCTS_DIR; };
/* End PBXFileReference section */

/* Begin PBXFrameworksBuildPhase section */
		31AADF4D20AF4C4B003B81DC /* Frameworks */ = {
			isa = PBXFrameworksBuildPhase;
			buildActionMask = 2147483647;
			files = (
				8B5E0B0020CAF72A00DF42E0 /* RealmSwift.framework in Frameworks */,
				8B562CBC20CAF6F900CFB66F /* Realm.framework in Frameworks */,
				8BA06CA120C5BB6000A1B56C /* WebKit.framework in Frameworks */,
				750EF795003A5732503161A4 /* Pods_StudyPathTraker.framework in Frameworks */,
			);
			runOnlyForDeploymentPostprocessing = 0;
		};
		8BAD137220D16CE60012B900 /* Frameworks */ = {
			isa = PBXFrameworksBuildPhase;
			buildActionMask = 2147483647;
			files = (
			);
			runOnlyForDeploymentPostprocessing = 0;
		};
/* End PBXFrameworksBuildPhase section */

/* Begin PBXGroup section */
		31AADF4720AF4C4B003B81DC = {
			isa = PBXGroup;
			children = (
				31AADF5220AF4C4B003B81DC /* StudyPathTraker */,
				8BAD137620D16CE60012B900 /* StudyPathTrakerTests */,
				31AADF5120AF4C4B003B81DC /* Products */,
				8BA06C9F20C5BB6000A1B56C /* Frameworks */,
				89B7EBE5E21EEDE7CFC46D0A /* Pods */,
			);
			sourceTree = "<group>";
		};
		31AADF5120AF4C4B003B81DC /* Products */ = {
			isa = PBXGroup;
			children = (
				31AADF5020AF4C4B003B81DC /* StudyPathTraker.app */,
				8BAD137520D16CE60012B900 /* StudyPathTrakerTests.xctest */,
			);
			name = Products;
			sourceTree = "<group>";
		};
		31AADF5220AF4C4B003B81DC /* StudyPathTraker */ = {
			isa = PBXGroup;
			children = (
				8BE7354220D02A0500C0CF43 /* Structs */,
				8B45BA6620C9DDEE00FB62FC /* Persistence */,
				8BA06CB120C6D41600A1B56C /* Models */,
				8BA06CB020C6D40F00A1B56C /* Modules */,
				8BD5DD0520C0992D0078942E /* Custom Views */,
				31AADF6520AF4E5D003B81DC /* Navigation */,
				31AADF5320AF4C4B003B81DC /* AppDelegate.swift */,
				31AADF5A20AF4C4C003B81DC /* Assets.xcassets */,
				31AADF5C20AF4C4D003B81DC /* LaunchScreen.storyboard */,
				31AADF5F20AF4C4D003B81DC /* Info.plist */,
			);
			path = StudyPathTraker;
			sourceTree = "<group>";
		};
		31AADF6520AF4E5D003B81DC /* Navigation */ = {
			isa = PBXGroup;
			children = (
				8B94606420BF04D500B9E976 /* SPLightNavigationController.swift */,
				31AADF5720AF4C4B003B81DC /* Main.storyboard */,
				8BA06CBE20C6FC7E00A1B56C /* SPSegues.swift */,
				8BAD138320D16D9F0012B900 /* StoryboardNames.swift */,
			);
			path = Navigation;
			sourceTree = "<group>";
		};
		31AADF6620AF4E70003B81DC /* Main */ = {
			isa = PBXGroup;
			children = (
				31AADF6820AF4EA2003B81DC /* Collection.storyboard */,
			);
			path = Main;
			sourceTree = "<group>";
		};
		89B7EBE5E21EEDE7CFC46D0A /* Pods */ = {
			isa = PBXGroup;
			children = (
				0A4BF05BBC096812E861CF16 /* Pods-StudyPathTraker.debug.xcconfig */,
				436D45105151C42C2198AC52 /* Pods-StudyPathTraker.release.xcconfig */,
			);
			name = Pods;
			sourceTree = "<group>";
		};
		8B27476020D2CABF00001670 /* New Item */ = {
			isa = PBXGroup;
			children = (
				8B27476120D2CAE000001670 /* SPNewItemViewController.swift */,
				8B55388020D9567300915589 /* SPNewItemPresenter.swift */,
			);
			path = "New Item";
			sourceTree = "<group>";
		};
		8B27476520D2D23500001670 /* Generic */ = {
			isa = PBXGroup;
			children = (
				8B27476620D2D25B00001670 /* SPBasePresenterProtocol.swift */,
			);
			path = Generic;
			sourceTree = "<group>";
		};
		8B27476820D2EDC400001670 /* New CheckList */ = {
			isa = PBXGroup;
			children = (
				8B27476920D2EDEC00001670 /* SPNewCheckListViewController.swift */,
				8B55388420D9581A00915589 /* SPNewCheckListPresenter.swift */,
			);
			path = "New CheckList";
			sourceTree = "<group>";
		};
		8B3C183A20C04F9C006A7D8A /* Extensions */ = {
			isa = PBXGroup;
			children = (
				8B3C183B20C04FDD006A7D8A /* UIViewController+Extensions.swift */,
				8B70607820D96F2100BB0FC9 /* Milestone+Extensions.swift */,
				8B70607A20D9708900BB0FC9 /* Category+Extensions.swift */,
				8B70607C20D971BC00BB0FC9 /* Item+Extensions.swift */,
			);
			path = Extensions;
			sourceTree = "<group>";
		};
		8B45BA6620C9DDEE00FB62FC /* Persistence */ = {
			isa = PBXGroup;
			children = (
				8B45BA6720C9DE0600FB62FC /* Persistence.swift */,
				8B45BA6B20C9DE4500FB62FC /* PersistenceManager.swift */,
				8B45BA6920C9DE2800FB62FC /* PersistenceServiceProtocols.swift */,
			);
			path = Persistence;
			sourceTree = "<group>";
		};
		8B675B3820D01D25007D160D /* New Category */ = {
			isa = PBXGroup;
			children = (
				8B675B3920D01D47007D160D /* SPNewCategoryViewController.swift */,
				8B55388220D9580F00915589 /* SPNewCategoryPresenter.swift */,
			);
			path = "New Category";
			sourceTree = "<group>";
		};
		8B94606620BF051500B9E976 /* Colors */ = {
			isa = PBXGroup;
			children = (
				8B94606720BF054000B9E976 /* SPBaseColors.swift */,
			);
			path = Colors;
			sourceTree = "<group>";
		};
		8BA06C9120C09A2200A1B56C /* Helpers */ = {
			isa = PBXGroup;
			children = (
				8BA06C9220C09A3100A1B56C /* Generic */,
			);
			path = Helpers;
			sourceTree = "<group>";
		};
		8BA06C9220C09A3100A1B56C /* Generic */ = {
			isa = PBXGroup;
			children = (
				8BA06C9320C09A5800A1B56C /* SPCommonTableViewDataSource.swift */,
				8BA06C9820C09F3500A1B56C /* SPCommonCellConfiguration.swift */,
				8BA06CAE20C5DD0F00A1B56C /* SPCommonTableViewDelegate.swift */,
			);
			path = Generic;
			sourceTree = "<group>";
		};
		8BA06C9720C09B8800A1B56C /* CheckList */ = {
			isa = PBXGroup;
			children = (
				8BA06CA420C5D88800A1B56C /* SPCheckListViewController.swift */,
				8B27476B20D31CC600001670 /* SPCheckListPresenter.swift */,
				8BA06CA820C5D9A500A1B56C /* SPCheckListTableViewCell.swift */,
				8B27476820D2EDC400001670 /* New CheckList */,
			);
			path = CheckList;
			sourceTree = "<group>";
		};
		8BA06C9C20C5B7B900A1B56C /* Detail */ = {
			isa = PBXGroup;
			children = (
				8BA06C9D20C5B7DB00A1B56C /* SPDetailViewController.swift */,
				8BA06CA220C5C09A00A1B56C /* SPDetailWebViewDelegate.swift */,
			);
			path = Detail;
			sourceTree = "<group>";
		};
		8BA06C9F20C5BB6000A1B56C /* Frameworks */ = {
			isa = PBXGroup;
			children = (
				8B5E0AFF20CAF72A00DF42E0 /* RealmSwift.framework */,
				8B562CBB20CAF6F900CFB66F /* Realm.framework */,
				8B562CB920CAF6F100CFB66F /* Realm.framework */,
				8BDD9B1120C7439E00C6C7EF /* RealmSwift.framework */,
				8BA06CA020C5BB6000A1B56C /* WebKit.framework */,
				D620CBA18B43E72CAE68889C /* Pods_StudyPathTraker.framework */,
			);
			name = Frameworks;
			sourceTree = "<group>";
		};
		8BA06CB020C6D40F00A1B56C /* Modules */ = {
			isa = PBXGroup;
			children = (
				8BAD138520D172100012B900 /* Custom Classes */,
				8BA06C9C20C5B7B900A1B56C /* Detail */,
				8BA06C9720C09B8800A1B56C /* CheckList */,
				8BD5DCFC20C097B30078942E /* Items */,
				8BD5DCFB20C097A20078942E /* Categories */,
				31AADF6620AF4E70003B81DC /* Main */,
				8B3C183A20C04F9C006A7D8A /* Extensions */,
				8BA06C9120C09A2200A1B56C /* Helpers */,
				8B94606620BF051500B9E976 /* Colors */,
			);
			path = Modules;
			sourceTree = "<group>";
		};
		8BA06CB120C6D41600A1B56C /* Models */ = {
			isa = PBXGroup;
			children = (
				8BA06CB420C6D46300A1B56C /* ChekList */,
				8BA06CB320C6D45600A1B56C /* Items */,
				8BA06CB220C6D44400A1B56C /* Categories */,
			);
			path = Models;
			sourceTree = "<group>";
		};
		8BA06CB220C6D44400A1B56C /* Categories */ = {
			isa = PBXGroup;
			children = (
				8B94606120BF00E500B9E976 /* CategoryItem.swift */,
			);
			path = Categories;
			sourceTree = "<group>";
		};
		8BA06CB320C6D45600A1B56C /* Items */ = {
			isa = PBXGroup;
			children = (
				8BA06C9520C09B0500A1B56C /* Item.swift */,
			);
			path = Items;
			sourceTree = "<group>";
		};
		8BA06CB420C6D46300A1B56C /* ChekList */ = {
			isa = PBXGroup;
			children = (
				8BA06CA620C5D8D200A1B56C /* Milestone.swift */,
			);
			path = ChekList;
			sourceTree = "<group>";
		};
		8BAD137620D16CE60012B900 /* StudyPathTrakerTests */ = {
			isa = PBXGroup;
			children = (
				8BAD138920D17BA90012B900 /* Presenters */,
				8BAD137F20D16CFA0012B900 /* View Controllers */,
				8BAD137920D16CE60012B900 /* Info.plist */,
			);
			path = StudyPathTrakerTests;
			sourceTree = "<group>";
		};
		8BAD137F20D16CFA0012B900 /* View Controllers */ = {
			isa = PBXGroup;
			children = (
				8BAD138120D16D170012B900 /* SPCategoriesViewControllerTests.swift */,
				8BAD138020D16D170012B900 /* StudyPathTrakerTests-Bridging-Header.h */,
			);
			path = "View Controllers";
			sourceTree = "<group>";
		};
		8BAD138520D172100012B900 /* Custom Classes */ = {
			isa = PBXGroup;
			children = (
				8B27476520D2D23500001670 /* Generic */,
				8BAD138620D1721D0012B900 /* Helper */,
			);
			path = "Custom Classes";
			sourceTree = "<group>";
		};
		8BAD138620D1721D0012B900 /* Helper */ = {
			isa = PBXGroup;
			children = (
				8BAD138720D173DE0012B900 /* StoryboardInstantiation.swift */,
			);
			path = Helper;
			sourceTree = "<group>";
		};
		8BAD138920D17BA90012B900 /* Presenters */ = {
			isa = PBXGroup;
			children = (
				8BAD138A20D17BB70012B900 /* SPCategoryPresenterTests.swift */,
				8B70607E20D97BDF00BB0FC9 /* SPNewCategoryPresenterTests.swift */,
			);
			path = Presenters;
			sourceTree = "<group>";
		};
		8BD5DCFB20C097A20078942E /* Categories */ = {
			isa = PBXGroup;
			children = (
				8B94605720BEF64500B9E976 /* SPCategoriesViewController.swift */,
				8BE7354720D02B1200C0CF43 /* SPCategoryPresenter.swift */,
				8B94605920BEF7AE00B9E976 /* SPCategoriesCollectionViewDataSource.swift */,
				8B94605D20BEF9DD00B9E976 /* SPCategoryCollectionViewCell.swift */,
				8B94605F20BEFB3F00B9E976 /* SPCategoriesCollectionViewFlowDelegate.swift */,
				8B675B3820D01D25007D160D /* New Category */,
			);
			path = Categories;
			sourceTree = "<group>";
		};
		8BD5DCFC20C097B30078942E /* Items */ = {
			isa = PBXGroup;
			children = (
				8BD5DCFD20C097DA0078942E /* SPItemsViewController.swift */,
				8B27476320D2CFD900001670 /* SPItemPresenter.swift */,
				8BD5DCFF20C098660078942E /* SPItemTableViewCell.swift */,
				8B27476020D2CABF00001670 /* New Item */,
			);
			path = Items;
			sourceTree = "<group>";
		};
		8BD5DD0520C0992D0078942E /* Custom Views */ = {
			isa = PBXGroup;
			children = (
				8BD5DD0320C099280078942E /* SPRoundedView.swift */,
				8B675B3D20D02215007D160D /* SPRoundedButton.swift */,
			);
			path = "Custom Views";
			sourceTree = "<group>";
		};
		8BE7354220D02A0500C0CF43 /* Structs */ = {
			isa = PBXGroup;
			children = (
				8BE7354320D02A1A00C0CF43 /* SPAlertCenterStrings.swift */,
			);
			path = Structs;
			sourceTree = "<group>";
		};
/* End PBXGroup section */

/* Begin PBXNativeTarget section */
		31AADF4F20AF4C4B003B81DC /* StudyPathTraker */ = {
			isa = PBXNativeTarget;
			buildConfigurationList = 31AADF6220AF4C4D003B81DC /* Build configuration list for PBXNativeTarget "StudyPathTraker" */;
			buildPhases = (
				7EC53C18B0099B9D9893A283 /* [CP] Check Pods Manifest.lock */,
				8BD5DCF720C07D6F0078942E /* SwiftLint */,
				31AADF4C20AF4C4B003B81DC /* Sources */,
				31AADF4D20AF4C4B003B81DC /* Frameworks */,
				31AADF4E20AF4C4B003B81DC /* Resources */,
				93C17D42BA8802EF80E7683B /* [CP] Embed Pods Frameworks */,
			);
			buildRules = (
			);
			dependencies = (
			);
			name = StudyPathTraker;
			productName = StudyPathTraker;
			productReference = 31AADF5020AF4C4B003B81DC /* StudyPathTraker.app */;
			productType = "com.apple.product-type.application";
		};
		8BAD137420D16CE60012B900 /* StudyPathTrakerTests */ = {
			isa = PBXNativeTarget;
			buildConfigurationList = 8BAD137C20D16CE60012B900 /* Build configuration list for PBXNativeTarget "StudyPathTrakerTests" */;
			buildPhases = (
				8BAD137120D16CE60012B900 /* Sources */,
				8BAD137220D16CE60012B900 /* Frameworks */,
				8BAD137320D16CE60012B900 /* Resources */,
			);
			buildRules = (
			);
			dependencies = (
				8BAD137B20D16CE60012B900 /* PBXTargetDependency */,
			);
			name = StudyPathTrakerTests;
			productName = StudyPathTrakerTests;
			productReference = 8BAD137520D16CE60012B900 /* StudyPathTrakerTests.xctest */;
			productType = "com.apple.product-type.bundle.unit-test";
		};
/* End PBXNativeTarget section */

/* Begin PBXProject section */
		31AADF4820AF4C4B003B81DC /* Project object */ = {
			isa = PBXProject;
			attributes = {
				LastSwiftUpdateCheck = 0940;
				LastUpgradeCheck = 0930;
				ORGANIZATIONNAME = Jerti;
				TargetAttributes = {
					31AADF4F20AF4C4B003B81DC = {
						CreatedOnToolsVersion = 9.3.1;
					};
					8BAD137420D16CE60012B900 = {
						CreatedOnToolsVersion = 9.4;
						LastSwiftMigration = 0940;
						TestTargetID = 31AADF4F20AF4C4B003B81DC;
					};
				};
			};
			buildConfigurationList = 31AADF4B20AF4C4B003B81DC /* Build configuration list for PBXProject "StudyPathTraker" */;
			compatibilityVersion = "Xcode 9.3";
			developmentRegion = en;
			hasScannedForEncodings = 0;
			knownRegions = (
				en,
				Base,
			);
			mainGroup = 31AADF4720AF4C4B003B81DC;
			productRefGroup = 31AADF5120AF4C4B003B81DC /* Products */;
			projectDirPath = "";
			projectRoot = "";
			targets = (
				31AADF4F20AF4C4B003B81DC /* StudyPathTraker */,
				8BAD137420D16CE60012B900 /* StudyPathTrakerTests */,
			);
		};
/* End PBXProject section */

/* Begin PBXResourcesBuildPhase section */
		31AADF4E20AF4C4B003B81DC /* Resources */ = {
			isa = PBXResourcesBuildPhase;
			buildActionMask = 2147483647;
			files = (
				31AADF6920AF4EA2003B81DC /* Collection.storyboard in Resources */,
				31AADF5E20AF4C4D003B81DC /* LaunchScreen.storyboard in Resources */,
				31AADF5B20AF4C4C003B81DC /* Assets.xcassets in Resources */,
				31AADF5920AF4C4B003B81DC /* Main.storyboard in Resources */,
			);
			runOnlyForDeploymentPostprocessing = 0;
		};
		8BAD137320D16CE60012B900 /* Resources */ = {
			isa = PBXResourcesBuildPhase;
			buildActionMask = 2147483647;
			files = (
			);
			runOnlyForDeploymentPostprocessing = 0;
		};
/* End PBXResourcesBuildPhase section */

/* Begin PBXShellScriptBuildPhase section */
		7EC53C18B0099B9D9893A283 /* [CP] Check Pods Manifest.lock */ = {
			isa = PBXShellScriptBuildPhase;
			buildActionMask = 2147483647;
			files = (
			);
			inputPaths = (
				"${PODS_PODFILE_DIR_PATH}/Podfile.lock",
				"${PODS_ROOT}/Manifest.lock",
			);
			name = "[CP] Check Pods Manifest.lock";
			outputPaths = (
				"$(DERIVED_FILE_DIR)/Pods-StudyPathTraker-checkManifestLockResult.txt",
			);
			runOnlyForDeploymentPostprocessing = 0;
			shellPath = /bin/sh;
			shellScript = "diff \"${PODS_PODFILE_DIR_PATH}/Podfile.lock\" \"${PODS_ROOT}/Manifest.lock\" > /dev/null\nif [ $? != 0 ] ; then\n    # print error to STDERR\n    echo \"error: The sandbox is not in sync with the Podfile.lock. Run 'pod install' or update your CocoaPods installation.\" >&2\n    exit 1\nfi\n# This output is used by Xcode 'outputs' to avoid re-running this script phase.\necho \"SUCCESS\" > \"${SCRIPT_OUTPUT_FILE_0}\"\n";
			showEnvVarsInLog = 0;
		};
		8BD5DCF720C07D6F0078942E /* SwiftLint */ = {
			isa = PBXShellScriptBuildPhase;
			buildActionMask = 2147483647;
			files = (
			);
			inputPaths = (
			);
			name = SwiftLint;
			outputPaths = (
			);
			runOnlyForDeploymentPostprocessing = 0;
			shellPath = /bin/sh;
			shellScript = "if which swiftlint >/dev/null; then\n    swiftlint\nelse\n    echo \"Warning: SwiftLint not installed! Download from https://github.com/realm/SwiftLint\"\nfi\n";
		};
		93C17D42BA8802EF80E7683B /* [CP] Embed Pods Frameworks */ = {
			isa = PBXShellScriptBuildPhase;
			buildActionMask = 2147483647;
			files = (
			);
			inputPaths = (
				"${SRCROOT}/Pods/Target Support Files/Pods-StudyPathTraker/Pods-StudyPathTraker-frameworks.sh",
				"${BUILT_PRODUCTS_DIR}/Realm/Realm.framework",
				"${BUILT_PRODUCTS_DIR}/RealmSwift/RealmSwift.framework",
			);
			name = "[CP] Embed Pods Frameworks";
			outputPaths = (
				"${TARGET_BUILD_DIR}/${FRAMEWORKS_FOLDER_PATH}/Realm.framework",
				"${TARGET_BUILD_DIR}/${FRAMEWORKS_FOLDER_PATH}/RealmSwift.framework",
			);
			runOnlyForDeploymentPostprocessing = 0;
			shellPath = /bin/sh;
			shellScript = "\"${SRCROOT}/Pods/Target Support Files/Pods-StudyPathTraker/Pods-StudyPathTraker-frameworks.sh\"\n";
			showEnvVarsInLog = 0;
		};
/* End PBXShellScriptBuildPhase section */

/* Begin PBXSourcesBuildPhase section */
		31AADF4C20AF4C4B003B81DC /* Sources */ = {
			isa = PBXSourcesBuildPhase;
			buildActionMask = 2147483647;
			files = (
				8B27476420D2CFD900001670 /* SPItemPresenter.swift in Sources */,
				8BA06C9420C09A5800A1B56C /* SPCommonTableViewDataSource.swift in Sources */,
				8BE7354420D02A1A00C0CF43 /* SPAlertCenterStrings.swift in Sources */,
				8B45BA6C20C9DE4500FB62FC /* PersistenceManager.swift in Sources */,
				8BA06C9E20C5B7DB00A1B56C /* SPDetailViewController.swift in Sources */,
				8BD5DCFE20C097DA0078942E /* SPItemsViewController.swift in Sources */,
				8B55388320D9580F00915589 /* SPNewCategoryPresenter.swift in Sources */,
				8B27476C20D31CC600001670 /* SPCheckListPresenter.swift in Sources */,
				8BE7354820D02B1200C0CF43 /* SPCategoryPresenter.swift in Sources */,
				8B94606020BEFB3F00B9E976 /* SPCategoriesCollectionViewFlowDelegate.swift in Sources */,
				8B94605820BEF64500B9E976 /* SPCategoriesViewController.swift in Sources */,
				8B94605E20BEF9DD00B9E976 /* SPCategoryCollectionViewCell.swift in Sources */,
				31AADF5420AF4C4B003B81DC /* AppDelegate.swift in Sources */,
				8BD5DD0420C099280078942E /* SPRoundedView.swift in Sources */,
				8BA06CA520C5D88800A1B56C /* SPCheckListViewController.swift in Sources */,
				8B27476A20D2EDEC00001670 /* SPNewCheckListViewController.swift in Sources */,
				8B70607920D96F2100BB0FC9 /* Milestone+Extensions.swift in Sources */,
				8BA06CA320C5C09A00A1B56C /* SPDetailWebViewDelegate.swift in Sources */,
				8B27476720D2D25B00001670 /* SPBasePresenterProtocol.swift in Sources */,
				8B3C183C20C04FDD006A7D8A /* UIViewController+Extensions.swift in Sources */,
				8B70607D20D971BC00BB0FC9 /* Item+Extensions.swift in Sources */,
				8B55388120D9567300915589 /* SPNewItemPresenter.swift in Sources */,
				8BD5DD0020C098660078942E /* SPItemTableViewCell.swift in Sources */,
				8BAD138420D16D9F0012B900 /* StoryboardNames.swift in Sources */,
				8BA06C9620C09B0500A1B56C /* Item.swift in Sources */,
				8B55388520D9581A00915589 /* SPNewCheckListPresenter.swift in Sources */,
				8B675B3E20D02215007D160D /* SPRoundedButton.swift in Sources */,
				8BA06C9920C09F3500A1B56C /* SPCommonCellConfiguration.swift in Sources */,
				8B27476220D2CAE000001670 /* SPNewItemViewController.swift in Sources */,
				8B70607B20D9708900BB0FC9 /* Category+Extensions.swift in Sources */,
				8BA06CA920C5D9A500A1B56C /* SPCheckListTableViewCell.swift in Sources */,
				8B45BA6820C9DE0600FB62FC /* Persistence.swift in Sources */,
				8B94606220BF00E500B9E976 /* CategoryItem.swift in Sources */,
				8B675B3A20D01D47007D160D /* SPNewCategoryViewController.swift in Sources */,
				8BAD138820D173DE0012B900 /* StoryboardInstantiation.swift in Sources */,
				8BA06CAF20C5DD0F00A1B56C /* SPCommonTableViewDelegate.swift in Sources */,
				8B94606820BF054000B9E976 /* SPBaseColors.swift in Sources */,
				8B94606520BF04D500B9E976 /* SPLightNavigationController.swift in Sources */,
				8BA06CBF20C6FC7E00A1B56C /* SPSegues.swift in Sources */,
				8B45BA6A20C9DE2800FB62FC /* PersistenceServiceProtocols.swift in Sources */,
				8BA06CA720C5D8D200A1B56C /* Milestone.swift in Sources */,
				8B94605A20BEF7AE00B9E976 /* SPCategoriesCollectionViewDataSource.swift in Sources */,
			);
			runOnlyForDeploymentPostprocessing = 0;
		};
		8BAD137120D16CE60012B900 /* Sources */ = {
			isa = PBXSourcesBuildPhase;
			buildActionMask = 2147483647;
			files = (
				8BAD138220D16D170012B900 /* SPCategoriesViewControllerTests.swift in Sources */,
				8BAD138B20D17BB70012B900 /* SPCategoryPresenterTests.swift in Sources */,
				8B70607F20D97BDF00BB0FC9 /* SPNewCategoryPresenterTests.swift in Sources */,
			);
			runOnlyForDeploymentPostprocessing = 0;
		};
/* End PBXSourcesBuildPhase section */

/* Begin PBXTargetDependency section */
		8BAD137B20D16CE60012B900 /* PBXTargetDependency */ = {
			isa = PBXTargetDependency;
			target = 31AADF4F20AF4C4B003B81DC /* StudyPathTraker */;
			targetProxy = 8BAD137A20D16CE60012B900 /* PBXContainerItemProxy */;
		};
/* End PBXTargetDependency section */

/* Begin PBXVariantGroup section */
		31AADF5720AF4C4B003B81DC /* Main.storyboard */ = {
			isa = PBXVariantGroup;
			children = (
				31AADF5820AF4C4B003B81DC /* Base */,
			);
			name = Main.storyboard;
			sourceTree = "<group>";
		};
		31AADF5C20AF4C4D003B81DC /* LaunchScreen.storyboard */ = {
			isa = PBXVariantGroup;
			children = (
				31AADF5D20AF4C4D003B81DC /* Base */,
			);
			name = LaunchScreen.storyboard;
			sourceTree = "<group>";
		};
/* End PBXVariantGroup section */

/* Begin XCBuildConfiguration section */
		31AADF6020AF4C4D003B81DC /* Debug */ = {
			isa = XCBuildConfiguration;
			buildSettings = {
				ALWAYS_SEARCH_USER_PATHS = NO;
				CLANG_ANALYZER_NONNULL = YES;
				CLANG_ANALYZER_NUMBER_OBJECT_CONVERSION = YES_AGGRESSIVE;
				CLANG_CXX_LANGUAGE_STANDARD = "gnu++14";
				CLANG_CXX_LIBRARY = "libc++";
				CLANG_ENABLE_MODULES = YES;
				CLANG_ENABLE_OBJC_ARC = YES;
				CLANG_ENABLE_OBJC_WEAK = YES;
				CLANG_WARN_BLOCK_CAPTURE_AUTORELEASING = YES;
				CLANG_WARN_BOOL_CONVERSION = YES;
				CLANG_WARN_COMMA = YES;
				CLANG_WARN_CONSTANT_CONVERSION = YES;
				CLANG_WARN_DEPRECATED_OBJC_IMPLEMENTATIONS = YES;
				CLANG_WARN_DIRECT_OBJC_ISA_USAGE = YES_ERROR;
				CLANG_WARN_DOCUMENTATION_COMMENTS = YES;
				CLANG_WARN_EMPTY_BODY = YES;
				CLANG_WARN_ENUM_CONVERSION = YES;
				CLANG_WARN_INFINITE_RECURSION = YES;
				CLANG_WARN_INT_CONVERSION = YES;
				CLANG_WARN_NON_LITERAL_NULL_CONVERSION = YES;
				CLANG_WARN_OBJC_IMPLICIT_RETAIN_SELF = YES;
				CLANG_WARN_OBJC_LITERAL_CONVERSION = YES;
				CLANG_WARN_OBJC_ROOT_CLASS = YES_ERROR;
				CLANG_WARN_RANGE_LOOP_ANALYSIS = YES;
				CLANG_WARN_STRICT_PROTOTYPES = YES;
				CLANG_WARN_SUSPICIOUS_MOVE = YES;
				CLANG_WARN_UNGUARDED_AVAILABILITY = YES_AGGRESSIVE;
				CLANG_WARN_UNREACHABLE_CODE = YES;
				CLANG_WARN__DUPLICATE_METHOD_MATCH = YES;
				CODE_SIGN_IDENTITY = "iPhone Developer";
				COPY_PHASE_STRIP = NO;
				DEBUG_INFORMATION_FORMAT = dwarf;
				ENABLE_STRICT_OBJC_MSGSEND = YES;
				ENABLE_TESTABILITY = YES;
				GCC_C_LANGUAGE_STANDARD = gnu11;
				GCC_DYNAMIC_NO_PIC = NO;
				GCC_NO_COMMON_BLOCKS = YES;
				GCC_OPTIMIZATION_LEVEL = 0;
				GCC_PREPROCESSOR_DEFINITIONS = (
					"DEBUG=1",
					"$(inherited)",
				);
				GCC_WARN_64_TO_32_BIT_CONVERSION = YES;
				GCC_WARN_ABOUT_RETURN_TYPE = YES_ERROR;
				GCC_WARN_UNDECLARED_SELECTOR = YES;
				GCC_WARN_UNINITIALIZED_AUTOS = YES_AGGRESSIVE;
				GCC_WARN_UNUSED_FUNCTION = YES;
				GCC_WARN_UNUSED_VARIABLE = YES;
				IPHONEOS_DEPLOYMENT_TARGET = 11.3;
				MTL_ENABLE_DEBUG_INFO = YES;
				ONLY_ACTIVE_ARCH = YES;
				SDKROOT = iphoneos;
				SWIFT_ACTIVE_COMPILATION_CONDITIONS = DEBUG;
				SWIFT_OPTIMIZATION_LEVEL = "-Onone";
			};
			name = Debug;
		};
		31AADF6120AF4C4D003B81DC /* Release */ = {
			isa = XCBuildConfiguration;
			buildSettings = {
				ALWAYS_SEARCH_USER_PATHS = NO;
				CLANG_ANALYZER_NONNULL = YES;
				CLANG_ANALYZER_NUMBER_OBJECT_CONVERSION = YES_AGGRESSIVE;
				CLANG_CXX_LANGUAGE_STANDARD = "gnu++14";
				CLANG_CXX_LIBRARY = "libc++";
				CLANG_ENABLE_MODULES = YES;
				CLANG_ENABLE_OBJC_ARC = YES;
				CLANG_ENABLE_OBJC_WEAK = YES;
				CLANG_WARN_BLOCK_CAPTURE_AUTORELEASING = YES;
				CLANG_WARN_BOOL_CONVERSION = YES;
				CLANG_WARN_COMMA = YES;
				CLANG_WARN_CONSTANT_CONVERSION = YES;
				CLANG_WARN_DEPRECATED_OBJC_IMPLEMENTATIONS = YES;
				CLANG_WARN_DIRECT_OBJC_ISA_USAGE = YES_ERROR;
				CLANG_WARN_DOCUMENTATION_COMMENTS = YES;
				CLANG_WARN_EMPTY_BODY = YES;
				CLANG_WARN_ENUM_CONVERSION = YES;
				CLANG_WARN_INFINITE_RECURSION = YES;
				CLANG_WARN_INT_CONVERSION = YES;
				CLANG_WARN_NON_LITERAL_NULL_CONVERSION = YES;
				CLANG_WARN_OBJC_IMPLICIT_RETAIN_SELF = YES;
				CLANG_WARN_OBJC_LITERAL_CONVERSION = YES;
				CLANG_WARN_OBJC_ROOT_CLASS = YES_ERROR;
				CLANG_WARN_RANGE_LOOP_ANALYSIS = YES;
				CLANG_WARN_STRICT_PROTOTYPES = YES;
				CLANG_WARN_SUSPICIOUS_MOVE = YES;
				CLANG_WARN_UNGUARDED_AVAILABILITY = YES_AGGRESSIVE;
				CLANG_WARN_UNREACHABLE_CODE = YES;
				CLANG_WARN__DUPLICATE_METHOD_MATCH = YES;
				CODE_SIGN_IDENTITY = "iPhone Developer";
				COPY_PHASE_STRIP = NO;
				DEBUG_INFORMATION_FORMAT = "dwarf-with-dsym";
				ENABLE_NS_ASSERTIONS = NO;
				ENABLE_STRICT_OBJC_MSGSEND = YES;
				GCC_C_LANGUAGE_STANDARD = gnu11;
				GCC_NO_COMMON_BLOCKS = YES;
				GCC_WARN_64_TO_32_BIT_CONVERSION = YES;
				GCC_WARN_ABOUT_RETURN_TYPE = YES_ERROR;
				GCC_WARN_UNDECLARED_SELECTOR = YES;
				GCC_WARN_UNINITIALIZED_AUTOS = YES_AGGRESSIVE;
				GCC_WARN_UNUSED_FUNCTION = YES;
				GCC_WARN_UNUSED_VARIABLE = YES;
				IPHONEOS_DEPLOYMENT_TARGET = 11.3;
				MTL_ENABLE_DEBUG_INFO = NO;
				SDKROOT = iphoneos;
				SWIFT_COMPILATION_MODE = wholemodule;
				SWIFT_OPTIMIZATION_LEVEL = "-O";
				VALIDATE_PRODUCT = YES;
			};
			name = Release;
		};
		31AADF6320AF4C4D003B81DC /* Debug */ = {
			isa = XCBuildConfiguration;
			baseConfigurationReference = 0A4BF05BBC096812E861CF16 /* Pods-StudyPathTraker.debug.xcconfig */;
			buildSettings = {
				ASSETCATALOG_COMPILER_APPICON_NAME = AppIcon;
				CODE_SIGN_STYLE = Automatic;
				DEVELOPMENT_TEAM = DLV5XCR3KY;
				INFOPLIST_FILE = StudyPathTraker/Info.plist;
				LD_RUNPATH_SEARCH_PATHS = (
					"$(inherited)",
					"@executable_path/Frameworks",
				);
				PRODUCT_BUNDLE_IDENTIFIER = com.jerti.studypathtraker;
				PRODUCT_NAME = "$(TARGET_NAME)";
				SWIFT_VERSION = 4.0;
				TARGETED_DEVICE_FAMILY = "1,2";
			};
			name = Debug;
		};
		31AADF6420AF4C4D003B81DC /* Release */ = {
			isa = XCBuildConfiguration;
			baseConfigurationReference = 436D45105151C42C2198AC52 /* Pods-StudyPathTraker.release.xcconfig */;
			buildSettings = {
				ASSETCATALOG_COMPILER_APPICON_NAME = AppIcon;
				CODE_SIGN_STYLE = Automatic;
				DEVELOPMENT_TEAM = DLV5XCR3KY;
				INFOPLIST_FILE = StudyPathTraker/Info.plist;
				LD_RUNPATH_SEARCH_PATHS = (
					"$(inherited)",
					"@executable_path/Frameworks",
				);
				PRODUCT_BUNDLE_IDENTIFIER = com.jerti.studypathtraker;
				PRODUCT_NAME = "$(TARGET_NAME)";
				SWIFT_VERSION = 4.0;
				TARGETED_DEVICE_FAMILY = "1,2";
			};
			name = Release;
		};
		8BAD137D20D16CE60012B900 /* Debug */ = {
			isa = XCBuildConfiguration;
			buildSettings = {
				BUNDLE_LOADER = "$(TEST_HOST)";
				CLANG_ENABLE_MODULES = YES;
				CODE_SIGN_STYLE = Automatic;
				INFOPLIST_FILE = StudyPathTrakerTests/Info.plist;
				IPHONEOS_DEPLOYMENT_TARGET = 11.4;
				LD_RUNPATH_SEARCH_PATHS = (
					"$(inherited)",
					"@executable_path/Frameworks",
					"@loader_path/Frameworks",
				);
				PRODUCT_BUNDLE_IDENTIFIER = com.rflpz.StudyPathTrakerTests;
				PRODUCT_NAME = "$(TARGET_NAME)";
				SWIFT_OBJC_BRIDGING_HEADER = "StudyPathTrakerTests/View Controllers/StudyPathTrakerTests-Bridging-Header.h";
				SWIFT_OPTIMIZATION_LEVEL = "-Onone";
				SWIFT_VERSION = 4.0;
				TARGETED_DEVICE_FAMILY = "1,2";
				TEST_HOST = "$(BUILT_PRODUCTS_DIR)/StudyPathTraker.app/StudyPathTraker";
			};
			name = Debug;
		};
		8BAD137E20D16CE60012B900 /* Release */ = {
			isa = XCBuildConfiguration;
			buildSettings = {
				BUNDLE_LOADER = "$(TEST_HOST)";
				CLANG_ENABLE_MODULES = YES;
				CODE_SIGN_STYLE = Automatic;
				INFOPLIST_FILE = StudyPathTrakerTests/Info.plist;
				IPHONEOS_DEPLOYMENT_TARGET = 11.4;
				LD_RUNPATH_SEARCH_PATHS = (
					"$(inherited)",
					"@executable_path/Frameworks",
					"@loader_path/Frameworks",
				);
				PRODUCT_BUNDLE_IDENTIFIER = com.rflpz.StudyPathTrakerTests;
				PRODUCT_NAME = "$(TARGET_NAME)";
				SWIFT_OBJC_BRIDGING_HEADER = "StudyPathTrakerTests/View Controllers/StudyPathTrakerTests-Bridging-Header.h";
				SWIFT_VERSION = 4.0;
				TARGETED_DEVICE_FAMILY = "1,2";
				TEST_HOST = "$(BUILT_PRODUCTS_DIR)/StudyPathTraker.app/StudyPathTraker";
			};
			name = Release;
		};
/* End XCBuildConfiguration section */

/* Begin XCConfigurationList section */
		31AADF4B20AF4C4B003B81DC /* Build configuration list for PBXProject "StudyPathTraker" */ = {
			isa = XCConfigurationList;
			buildConfigurations = (
				31AADF6020AF4C4D003B81DC /* Debug */,
				31AADF6120AF4C4D003B81DC /* Release */,
			);
			defaultConfigurationIsVisible = 0;
			defaultConfigurationName = Release;
		};
		31AADF6220AF4C4D003B81DC /* Build configuration list for PBXNativeTarget "StudyPathTraker" */ = {
			isa = XCConfigurationList;
			buildConfigurations = (
				31AADF6320AF4C4D003B81DC /* Debug */,
				31AADF6420AF4C4D003B81DC /* Release */,
			);
			defaultConfigurationIsVisible = 0;
			defaultConfigurationName = Release;
		};
		8BAD137C20D16CE60012B900 /* Build configuration list for PBXNativeTarget "StudyPathTrakerTests" */ = {
			isa = XCConfigurationList;
			buildConfigurations = (
				8BAD137D20D16CE60012B900 /* Debug */,
				8BAD137E20D16CE60012B900 /* Release */,
			);
			defaultConfigurationIsVisible = 0;
			defaultConfigurationName = Release;
		};
/* End XCConfigurationList section */
	};
	rootObject = 31AADF4820AF4C4B003B81DC /* Project object */;
}
